
Microsoft Visual Studio Solution File, Format Version 12.00
# Visual Studio Version 17
VisualStudioVersion = 17.13.35931.197 d17.13
MinimumVisualStudioVersion = 10.0.40219.1
Project("{FAE04EC0-301F-11D3-BF4B-00C04F79EFBC}") = "frmAgenda", "frmAgenda.csproj", "{07181487-80D5-493D-BA77-7917309D8E74}"
EndProject
Global
	GlobalSection(SolutionConfigurationPlatforms) = preSolution
		Debug|Any CPU = Debug|Any CPU
		Release|Any CPU = Release|Any CPU
	EndGlobalSection
	GlobalSection(ProjectConfigurationPlatforms) = postSolution
		{07181487-80D5-493D-BA77-7917309D8E74}.Debug|Any CPU.ActiveCfg = Debug|Any CPU
		{07181487-80D5-493D-BA77-7917309D8E74}.Debug|Any CPU.Build.0 = Debug|Any CPU
		{07181487-80D5-493D-BA77-7917309D8E74}.Release|Any CPU.ActiveCfg = Release|Any CPU
		{07181487-80D5-493D-BA77-7917309D8E74}.Release|Any CPU.Build.0 = Release|Any CPU
	EndGlobalSection
	GlobalSection(SolutionProperties) = preSolution
		HideSolutionNode = FALSE
	EndGlobalSection
	GlobalSection(ExtensibilityGlobals) = postSolution
		SolutionGuid = {0C639F2B-0BC2-4C73-A914-551038157769}
	EndGlobalSection
EndGlobal
